
Microsoft Visual Studio Solution File, Format Version 12.00
# Visual Studio Version 17
VisualStudioVersion = 17.11.35208.52
MinimumVisualStudioVersion = 10.0.40219.1
Project("{9A19103F-16F7-4668-BE54-9A1E7A4F7556}") = "MultiTierArchitecture.Presentation", "MultiTierArchitecture.Presentation\MultiTierArchitecture.Presentation.csproj", "{80A68FF6-A03E-4710-8E05-030A59E5F747}"
EndProject
Project("{9A19103F-16F7-4668-BE54-9A1E7A4F7556}") = "MultiTierArchitecture.Business", "MultiTierArchitecture.Business\MultiTierArchitecture.Business.csproj", "{E6BDD477-76A4-4ADE-87FF-A2DE39B1B6E7}"
EndProject
Project("{9A19103F-16F7-4668-BE54-9A1E7A4F7556}") = "MultiTierArchitecture.DataAccess", "MultiTierArchitecture.DataAccess\MultiTierArchitecture.DataAccess.csproj", "{A8A07688-CE32-4DE9-8B0D-844DAB2BFDA0}"
EndProject
Project("{9A19103F-16F7-4668-BE54-9A1E7A4F7556}") = "MultiTierArchitecture.Entities", "MultiTierArchitecture.Entities\MultiTierArchitecture.Entities.csproj", "{C4CB8621-DEDF-4D28-9F4E-62F26B63928E}"
EndProject
Project("{9A19103F-16F7-4668-BE54-9A1E7A4F7556}") = "MultiTierArchitecture.Common", "MultiTierArchitecture.Common\MultiTierArchitecture.Common.csproj", "{84A27761-73FB-446E-83A8-F2D74E96EDEC}"
EndProject
Global
	GlobalSection(SolutionConfigurationPlatforms) = preSolution
		Debug|Any CPU = Debug|Any CPU
		Release|Any CPU = Release|Any CPU
	EndGlobalSection
	GlobalSection(ProjectConfigurationPlatforms) = postSolution
		{80A68FF6-A03E-4710-8E05-030A59E5F747}.Debug|Any CPU.ActiveCfg = Debug|Any CPU
		{80A68FF6-A03E-4710-8E05-030A59E5F747}.Debug|Any CPU.Build.0 = Debug|Any CPU
		{80A68FF6-A03E-4710-8E05-030A59E5F747}.Release|Any CPU.ActiveCfg = Release|Any CPU
		{80A68FF6-A03E-4710-8E05-030A59E5F747}.Release|Any CPU.Build.0 = Release|Any CPU
		{E6BDD477-76A4-4ADE-87FF-A2DE39B1B6E7}.Debug|Any CPU.ActiveCfg = Debug|Any CPU
		{E6BDD477-76A4-4ADE-87FF-A2DE39B1B6E7}.Debug|Any CPU.Build.0 = Debug|Any CPU
		{E6BDD477-76A4-4ADE-87FF-A2DE39B1B6E7}.Release|Any CPU.ActiveCfg = Release|Any CPU
		{E6BDD477-76A4-4ADE-87FF-A2DE39B1B6E7}.Release|Any CPU.Build.0 = Release|Any CPU
		{A8A07688-CE32-4DE9-8B0D-844DAB2BFDA0}.Debug|Any CPU.ActiveCfg = Debug|Any CPU
		{A8A07688-CE32-4DE9-8B0D-844DAB2BFDA0}.Debug|Any CPU.Build.0 = Debug|Any CPU
		{A8A07688-CE32-4DE9-8B0D-844DAB2BFDA0}.Release|Any CPU.ActiveCfg = Release|Any CPU
		{A8A07688-CE32-4DE9-8B0D-844DAB2BFDA0}.Release|Any CPU.Build.0 = Release|Any CPU
		{C4CB8621-DEDF-4D28-9F4E-62F26B63928E}.Debug|Any CPU.ActiveCfg = Debug|Any CPU
		{C4CB8621-DEDF-4D28-9F4E-62F26B63928E}.Debug|Any CPU.Build.0 = Debug|Any CPU
		{C4CB8621-DEDF-4D28-9F4E-62F26B63928E}.Release|Any CPU.ActiveCfg = Release|Any CPU
		{C4CB8621-DEDF-4D28-9F4E-62F26B63928E}.Release|Any CPU.Build.0 = Release|Any CPU
		{84A27761-73FB-446E-83A8-F2D74E96EDEC}.Debug|Any CPU.ActiveCfg = Debug|Any CPU
		{84A27761-73FB-446E-83A8-F2D74E96EDEC}.Debug|Any CPU.Build.0 = Debug|Any CPU
		{84A27761-73FB-446E-83A8-F2D74E96EDEC}.Release|Any CPU.ActiveCfg = Release|Any CPU
		{84A27761-73FB-446E-83A8-F2D74E96EDEC}.Release|Any CPU.Build.0 = Release|Any CPU
	EndGlobalSection
	GlobalSection(SolutionProperties) = preSolution
		HideSolutionNode = FALSE
	EndGlobalSection
	GlobalSection(ExtensibilityGlobals) = postSolution
		SolutionGuid = {92CF3CEF-FDBD-4A94-B8ED-E318A60AF6B3}
	EndGlobalSection
EndGlobal
